PackratFormat: 1.4
PackratVersion: 0.4.7.1
RVersion: 3.3.0
Repos: BioCsoft=https://bioconductor.org/packages/3.3/bioc,
    BioCann=https://bioconductor.org/packages/3.3/data/annotation,
    BioCexp=https://bioconductor.org/packages/3.3/data/experiment,
    BioCextra=https://bioconductor.org/packages/3.3/extra,
    CRAN=https://cran.rstudio.com/

Package: AnnotationDbi
Source: Bioconductor
Version: 1.34.0
Hash: 15aa799dadb122b5b101b277db1e8634
Requires: Biobase, BiocGenerics, DBI, IRanges, RSQLite, S4Vectors

Package: BH
Source: CRAN
Version: 1.60.0-1
Hash: 889445e87a2acd4cc58440957f3b0d1a

Package: Biobase
Source: Bioconductor
Version: 2.32.0
Hash: 8656d39f7657385a5aac26e9c3e53007
Requires: BiocGenerics

Package: BiocGenerics
Source: Bioconductor
Version: 0.18.0
Hash: a7867e1dc7d96afd75a5d76053e495a6

Package: BiocParallel
Source: Bioconductor
Version: 1.6.0
Hash: e5a54253ae8c0042e684b518a4bdcc92
Requires: futile.logger, snow

Package: Biostrings
Source: Bioconductor
Version: 2.40.0
Hash: 02281ab8661a9170c79df7051e1935d4
Requires: BiocGenerics, IRanges, S4Vectors, XVector

Package: DBI
Source: CRAN
Version: 0.4
Hash: 23cc263d51b7b02ff2a305dce72651ec

Package: DT
Source: CRAN
Version: 0.1
Hash: 66d3d04d40c505e567c1328eae0409ee
Requires: htmltools, htmlwidgets, magrittr

Package: GEOquery
Source: Bioconductor
Version: 2.37.0
Hash: 402e62038fb9e3efda846ce421e1802c
Requires: Biobase, RCurl, XML

Package: GenomeInfoDb
Source: Bioconductor
Version: 1.8.0
Hash: b09a8ebcd4c85ebb70fa28666c4db079
Requires: BiocGenerics, IRanges, S4Vectors

Package: GenomicAlignments
Source: Bioconductor
Version: 1.8.0
Hash: 8485351898194de5d19435129eaf89a7
Requires: BiocGenerics, BiocParallel, Biostrings, GenomeInfoDb,
    GenomicRanges, IRanges, Rsamtools, S4Vectors, SummarizedExperiment

Package: GenomicFeatures
Source: Bioconductor
Version: 1.23.31
Hash: 32339db020ac126cea89785198f3c322
Requires: AnnotationDbi, Biobase, BiocGenerics, Biostrings, DBI,
    GenomeInfoDb, GenomicRanges, IRanges, RCurl, RSQLite, S4Vectors,
    XVector, biomaRt, rtracklayer

Package: GenomicRanges
Source: Bioconductor
Version: 1.24.0
Hash: 3e3de542efe0861da778b73abfa3ffa7
Requires: BiocGenerics, GenomeInfoDb, IRanges, S4Vectors, XVector

Package: IRanges
Source: Bioconductor
Version: 2.6.0
Hash: 84d83ffe365708ab83fccb83aa42b9a0
Requires: BiocGenerics, S4Vectors

Package: MASS
Source: CRAN
Version: 7.3-45
Hash: 0650d5701aa7e369e77c9e2c8e1dc913

Package: Matrix
Source: CRAN
Version: 1.2-6
Hash: 6d5b4689f994e2af7e9cc11324c5cbeb
Requires: lattice

Package: PKI
Source: CRAN
Version: 0.1-3
Hash: aca3e459c659b6d8266538520f72ba19
Requires: base64enc

Package: R6
Source: CRAN
Version: 2.1.2
Hash: c515e41c73294952cbb33ee1c1be5a2d

Package: RColorBrewer
Source: CRAN
Version: 1.1-2
Hash: c0d56cd15034f395874c870141870c25

Package: RCurl
Source: CRAN
Version: 1.95-4.8
Hash: 79c7d5a8684e44e0e3426d3093aa7d90
Requires: bitops

Package: RJSONIO
Source: CRAN
Version: 1.3-0
Hash: fb672e20eb6f3010a3639f855d8ef6de

Package: RSQLite
Source: CRAN
Version: 1.0.0
Hash: 3df52a54766f420d257debad962146c0
Requires: DBI

Package: Rcpp
Source: github
Version: 0.12.4.5
Hash: af11ded4bd1eda605d5d91b4cebe308f
GithubRepo: Rcpp
GithubUsername: RcppCore
GithubRef: master
GithubSha1: 52a8ad05836d6c1f2e475c2730bcf1aca2980f6d

Package: Rsamtools
Source: Bioconductor
Version: 1.24.0
Hash: 0dd81872bfd4d192e782b67600e18947
Requires: BiocGenerics, BiocParallel, Biostrings, GenomeInfoDb,
    GenomicRanges, IRanges, S4Vectors, XVector, bitops, zlibbioc

Package: S4Vectors
Source: Bioconductor
Version: 0.10.0
Hash: 47d929e8fcf9e5efffa6310b7ecf00b0
Requires: BiocGenerics

Package: SummarizedExperiment
Source: Bioconductor
Version: 1.2.0
Hash: 29c00194d1cc865d08f62aeeefb87213
Requires: Biobase, BiocGenerics, GenomeInfoDb, GenomicRanges, IRanges,
    S4Vectors

Package: Sushi
Source: Bioconductor
Version: 1.10.0
Hash: 9ae2e1fe7d7c1f68c6f98978e684d690
Requires: biomaRt, zoo

Package: XML
Source: CRAN
Version: 3.98-1.4
Hash: 9f8bc34c3c3d2967c7d25f8945216ffa

Package: XVector
Source: Bioconductor
Version: 0.12.0
Hash: dc677dd51ad2afa1c0848d616cfec43c
Requires: BiocGenerics, IRanges, S4Vectors, zlibbioc

Package: annotate
Source: Bioconductor
Version: 1.50.0
Hash: daa9f43d3ed9dcb18969837aa08d3261
Requires: AnnotationDbi, Biobase, BiocGenerics, DBI, XML, xtable

Package: assertthat
Source: CRAN
Version: 0.1
Hash: 0afb92b59b02593c70ff8046700ba9d3

Package: base64
Source: CRAN
Version: 1.1
Hash: 5776d8d9472a017332f54e3326ecbca8

Package: base64enc
Source: CRAN
Version: 0.1-3
Hash: c590d29e555926af053055e23ee79efb

Package: beanplot
Source: CRAN
Version: 1.2
Hash: 6397f4dafa178cffdb2196af0be88ade

Package: biomaRt
Source: Bioconductor
Version: 2.27.2
Hash: eea4905e4d7643895d26e1c2669648d7
Requires: AnnotationDbi, RCurl, XML

Package: bitops
Source: CRAN
Version: 1.0-6
Hash: 67d0775189fd0041d95abca618c5c07e

Package: bumphunter
Source: Bioconductor
Version: 1.12.0
Hash: 1780cda5f338c54635ef586d2d8b797a
Requires: AnnotationDbi, BiocGenerics, GenomeInfoDb, GenomicFeatures,
    GenomicRanges, IRanges, S4Vectors, doRNG, foreach, iterators,
    limma, locfit, matrixStats

Package: chron
Source: CRAN
Version: 2.3-47
Hash: d25d96d908cd21080f24c89eed4c80a0

Package: codetools
Source: CRAN
Version: 0.2-14
Hash: 127e7e68dfa21d3f17c022df1e727d0a

Package: colorspace
Source: CRAN
Version: 1.2-6
Hash: 00bb12245cd975c450cc4a960884fa15

Package: curl
Source: CRAN
Version: 0.9.7
Hash: 8a3eaed84ed6a9a188efdeddb231c5de

Package: data.table
Source: CRAN
Version: 1.9.6
Hash: f92ef1f73afa43bf6fd69a22f3794abd
Requires: chron

Package: dichromat
Source: CRAN
Version: 2.0-0
Hash: 08eed0c80510af29bb15f840ccfe37ce

Package: diffloop
Source: Bioconductor
Version: 1.0.0
Hash: a574bd7d1da67f3e588c5ce127c06430
Requires: Biobase, GenomeInfoDb, GenomicRanges, IRanges, S4Vectors,
    Sushi, biomaRt, dplyr, edgeR, foreach, ggplot2, locfit,
    matrixStats, plyr, readr, reshape2, statmod

Package: digest
Source: CRAN
Version: 0.6.9
Hash: fd55d5a024f160fc001a5ece1e27782d

Package: doRNG
Source: CRAN
Version: 1.6
Hash: f20f751df5f2f6b2bfb8f2c1cae4a316
Requires: foreach, iterators, pkgmaker, rngtools

Package: dplyr
Source: CRAN
Version: 0.4.3
Hash: 48104c397241e89440ea82c78c1b15fe
Requires: BH, DBI, R6, Rcpp, assertthat, lazyeval, magrittr

Package: edgeR
Source: Bioconductor
Version: 3.14.0
Hash: ec1c7848023cbd1b22a8ccfdce48649e
Requires: limma

Package: foreach
Source: CRAN
Version: 1.4.3
Hash: cd53ef4cf29dc59ce3f8c5c1af735fd1
Requires: codetools, iterators

Package: futile.logger
Source: CRAN
Version: 1.4.1
Hash: 8a80ccb36e4d1b37553cf5bb5623d00b
Requires: futile.options, lambda.r

Package: futile.options
Source: CRAN
Version: 1.0.0
Hash: 4f24cbf581681c263186b9425f05ba3e

Package: genefilter
Source: Bioconductor
Version: 1.54.0
Hash: 24ef6f975c9a7e57785b127edc332925
Requires: AnnotationDbi, Biobase, S4Vectors, annotate, survival

Package: ggplot2
Source: CRAN
Version: 2.1.0
Hash: 50e297b0191179c39c7dcae0eff72b51
Requires: MASS, digest, gtable, plyr, reshape2, scales

Package: gtable
Source: CRAN
Version: 0.2.0
Hash: cd78381a9d3fea966ac39bd0daaf5554

Package: htmltools
Source: CRAN
Version: 0.3.5
Hash: 93854b8d37d98d44ca119cdaa8df7523
Requires: Rcpp, digest

Package: htmlwidgets
Source: CRAN
Version: 0.6
Hash: 267a36d738dd98cec3dc9c471becb717
Requires: htmltools, jsonlite, yaml

Package: httpuv
Source: CRAN
Version: 1.3.3
Hash: c101a582c47a4c1669e13e3ec61f73d4
Requires: Rcpp

Package: illuminaio
Source: Bioconductor
Version: 0.14.0
Hash: 2432b58a64ef9f47015249402a27bba3
Requires: base64

Package: iterators
Source: CRAN
Version: 1.0.8
Hash: 488b93c2a4166db0d15f1e8d882cb1d4

Package: jsonlite
Source: CRAN
Version: 0.9.19
Hash: 4a983f753b6e88ae0f5a6ac152d8cc32

Package: labeling
Source: CRAN
Version: 0.3
Hash: ecf589b42cd284b03a4beb9665482d3e

Package: lambda.r
Source: CRAN
Version: 1.1.7
Hash: ee868dd3c292cd29cc7b0b9efa9e5d32

Package: lattice
Source: CRAN
Version: 0.20-33
Hash: d7158cf4e63e8c12cb227738076b37d8

Package: lazyeval
Source: CRAN
Version: 0.1.10
Hash: 9679f1ac7f6bc07bc79755f34cd15e1f

Package: limma
Source: Bioconductor
Version: 3.28.0
Hash: a06c8d8c5d86b7f89cf2afda33c42199

Package: locfit
Source: CRAN
Version: 1.5-9.1
Hash: f8adf87b055dff233b7c3f5b4a174554
Requires: lattice

Package: magrittr
Source: CRAN
Version: 1.5
Hash: bdc4d48c3135e8f3b399536ddf160df4

Package: matrixStats
Source: CRAN
Version: 0.50.2
Hash: dd438a0e4112586fc640b3ed214c8d9c

Package: mclust
Source: CRAN
Version: 5.2
Hash: 77406ad6a64bb972a5e05b658161261d

Package: mime
Source: CRAN
Version: 0.4
Hash: b08c52dae92a0a11e64a4deea032ec33

Package: minfi
Source: Bioconductor
Version: 1.18.0
Hash: f3b59622a7b00f133f331a4d16634f2f
Requires: Biobase, BiocGenerics, Biostrings, GEOquery, GenomeInfoDb,
    GenomicRanges, IRanges, MASS, RColorBrewer, S4Vectors,
    SummarizedExperiment, beanplot, bumphunter, data.table, genefilter,
    illuminaio, lattice, limma, matrixStats, mclust, nlme, nor1mix,
    preprocessCore, quadprog, reshape, siggenes

Package: multtest
Source: Bioconductor
Version: 2.28.0
Hash: 4207b3cab4817c1ad47954b669d797bc
Requires: Biobase, BiocGenerics, MASS, survival

Package: munsell
Source: CRAN
Version: 0.4.3
Hash: f96d896947fcaf9b6d0074002e9f4f9d
Requires: colorspace

Package: nlme
Source: CRAN
Version: 3.1-127
Hash: 83b8955e90c53730f8701425bad144b2
Requires: lattice

Package: nor1mix
Source: CRAN
Version: 1.2-1
Hash: 645a3a3f3e3df65ab5e0354235df2be3

Package: packrat
Source: CRAN
Version: 0.4.7-1
Hash: 16ca16d36eb18d1d16113606ecc5c400

Package: pkgmaker
Source: CRAN
Version: 0.22
Hash: 2e5fc2a6b7eaeb1e1d397a8dc5f54480
Requires: codetools, digest, registry, stringr, xtable

Package: plyr
Source: CRAN
Version: 1.8.3
Hash: ad98eb17fdfd7bddb555aa2128f11604
Requires: Rcpp

Package: preprocessCore
Source: Bioconductor
Version: 1.34.0
Hash: 0b32d64e412e5521ee7dc18d1331c4b6

Package: quadprog
Source: CRAN
Version: 1.5-5
Hash: 69000b7dc41b09977dcf781f909d235c

Package: readr
Source: CRAN
Version: 0.2.2
Hash: aee8cf3dd17b7e053ea171148bd98749
Requires: BH, Rcpp, curl

Package: registry
Source: CRAN
Version: 0.3
Hash: f9447c26b51b8c96f53720c5ff862c93

Package: reshape
Source: CRAN
Version: 0.8.5
Hash: 08a3fc774cceaaec54edea9e9687a6c5
Requires: plyr

Package: reshape2
Source: CRAN
Version: 1.4.1
Hash: d3251d4817e4764d53052db59b9ef86b
Requires: Rcpp, plyr, stringr

Package: rngtools
Source: CRAN
Version: 1.2.4
Hash: 4db0661fe95ab6eb3d6339495bf22003
Requires: digest, pkgmaker, stringr

Package: rsconnect
Source: github
Version: 0.4.1.11
Hash: 886b6e456688b7773cab1c5cba2d8aad
Requires: PKI, RCurl, RJSONIO, digest, packrat, rstudioapi, yaml
GithubRepo: rsconnect
GithubUsername: rstudio
GithubRef: master
GithubSha1: 0b72b17533521aa7276299ca53c742c4cf27eb1f

Package: rstudioapi
Source: CRAN
Version: 0.5
Hash: f942db72a8f51e968b061f28058e2c57

Package: rtracklayer
Source: Bioconductor
Version: 1.32.0
Hash: 5a6cdff779896ca6449a8a476c352773
Requires: BiocGenerics, Biostrings, GenomeInfoDb, GenomicAlignments,
    GenomicRanges, IRanges, RCurl, Rsamtools, S4Vectors, XML, XVector,
    zlibbioc

Package: scales
Source: CRAN
Version: 0.4.0
Hash: 84d11c33dd50fd84dedd251f73699fff
Requires: RColorBrewer, Rcpp, dichromat, labeling, munsell, plyr

Package: shiny
Source: CRAN
Version: 0.13.2
Hash: 28d6903a44dc53bd4823fa43ccdc08e5
Requires: R6, digest, htmltools, httpuv, jsonlite, mime, xtable

Package: shinyFiles
Source: CRAN
Version: 0.6.0
Hash: 9352370e114d101acfc38dcde9b5920e
Requires: RJSONIO, htmltools, shiny

Package: shinythemes
Source: CRAN
Version: 1.0.1
Hash: 9a394ba0f9825789949d2253fbe853fa
Requires: shiny

Package: siggenes
Source: Bioconductor
Version: 1.46.0
Hash: 2b4012f79a32b0782840c857452281b3
Requires: Biobase, multtest

Package: snow
Source: CRAN
Version: 0.4-1
Hash: eece5c9075772f1029a417cb417390b5

Package: statmod
Source: CRAN
Version: 1.4.24
Hash: 1aad9bf175b7d9a5c073f633dc635c31

Package: stringi
Source: CRAN
Version: 1.0-1
Hash: cf342bc407bd5daec77ed1009d5244e1

Package: stringr
Source: CRAN
Version: 1.0.0
Hash: 2676dd5f88890910962b733b0f9540e1
Requires: magrittr, stringi

Package: survival
Source: CRAN
Version: 2.39-2
Hash: 46808767daa3f40733fb003b5d7f305a
Requires: Matrix

Package: xtable
Source: CRAN
Version: 1.8-2
Hash: 7293235cfcc14cdff1ce7fd1a0212031

Package: yaml
Source: CRAN
Version: 2.1.13
Hash: 4854ccabebc225e8a7309fb4a74980de

Package: zlibbioc
Source: Bioconductor
Version: 1.18.0
Hash: c8f785fe74be1408724b5031ff23dc2d

Package: zoo
Source: CRAN
Version: 1.7-12
Hash: 8ce4a89536cba4fa6023190959de5658
Requires: lattice
