PackratFormat: 1.4
PackratVersion: 0.4.7.1
RVersion: 3.3.0
Repos: BioCsoft=https://bioconductor.org/packages/3.3/bioc,
    BioCann=https://bioconductor.org/packages/3.3/data/annotation,
    BioCexp=https://bioconductor.org/packages/3.3/data/experiment,
    BioCextra=https://bioconductor.org/packages/3.3/extra,
    CRAN=https://cran.rstudio.com/

Package: AnnotationDbi
Source: Bioconductor
Version: 1.34.3
Hash: 7568393dcac17955850ed764d2c8da86
Requires: Biobase, BiocGenerics, DBI, IRanges, RSQLite, S4Vectors

Package: BH
Source: CRAN
Version: 1.60.0-2
Hash: be2967bcff307e561d9ba17faf03205c

Package: Biobase
Source: Bioconductor
Version: 2.32.0
Hash: 8656d39f7657385a5aac26e9c3e53007
Requires: BiocGenerics

Package: BiocGenerics
Source: Bioconductor
Version: 0.18.0
Hash: a7867e1dc7d96afd75a5d76053e495a6

Package: BiocInstaller
Source: Bioconductor
Version: 1.22.3
Hash: 3cb0872c99310c4615b289d193dc540b

Package: BiocParallel
Source: Bioconductor
Version: 1.6.6
Hash: 473b0a2c6056a0036cefeb8f424ff9c1
Requires: futile.logger, snow

Package: Biostrings
Source: Bioconductor
Version: 2.40.2
Hash: 8234a3afaeb9f563e9b5d6dcaaf19ecf
Requires: BiocGenerics, IRanges, S4Vectors, XVector

Package: DBI
Source: CRAN
Version: 0.4-1
Hash: 6524d5c5d30ff74084ac028eeb19eb1b

Package: DT
Source: CRAN
Version: 0.1
Hash: 66d3d04d40c505e567c1328eae0409ee
Requires: htmltools, htmlwidgets, magrittr

Package: GEOquery
Source: Bioconductor
Version: 2.38.4
Hash: 711229fc3f9ba172f59fe406f7f1f6cf
Requires: Biobase, RCurl, XML, httr

Package: GenomeInfoDb
Source: Bioconductor
Version: 1.8.3
Hash: f467d1022f6ce732b1dbcbf156553ffb
Requires: BiocGenerics, IRanges, S4Vectors

Package: GenomicAlignments
Source: Bioconductor
Version: 1.8.1
Hash: 8ff65f111f9a72cf09fc0c5069b3d3cf
Requires: BiocGenerics, BiocParallel, Biostrings, GenomeInfoDb,
    GenomicRanges, IRanges, Rsamtools, S4Vectors, SummarizedExperiment

Package: GenomicFeatures
Source: Bioconductor
Version: 1.24.2
Hash: 51d37bf31c8fecf542a939a87da639a4
Requires: AnnotationDbi, Biobase, BiocGenerics, Biostrings, DBI,
    GenomeInfoDb, GenomicRanges, IRanges, RCurl, RSQLite, S4Vectors,
    XVector, biomaRt, rtracklayer

Package: GenomicRanges
Source: Bioconductor
Version: 1.24.2
Hash: bd6505ff6dd8c29bceaaf47210b6b3d8
Requires: BiocGenerics, GenomeInfoDb, IRanges, S4Vectors, XVector

Package: IRanges
Source: Bioconductor
Version: 2.6.1
Hash: cfa4af9a9c8ea4665a5fdebaebfaa0f2
Requires: BiocGenerics, S4Vectors

Package: MASS
Source: CRAN
Version: 7.3-45
Hash: 0650d5701aa7e369e77c9e2c8e1dc913

Package: Matrix
Source: CRAN
Version: 1.2-6
Hash: 6d5b4689f994e2af7e9cc11324c5cbeb
Requires: lattice

Package: PKI
Source: CRAN
Version: 0.1-3
Hash: aca3e459c659b6d8266538520f72ba19
Requires: base64enc

Package: R6
Source: CRAN
Version: 2.1.3
Hash: 1a8313c9df76d2a06aa27c13a4a71c73

Package: RColorBrewer
Source: CRAN
Version: 1.1-2
Hash: c0d56cd15034f395874c870141870c25

Package: RCurl
Source: CRAN
Version: 1.95-4.8
Hash: 79c7d5a8684e44e0e3426d3093aa7d90
Requires: bitops

Package: RJSONIO
Source: CRAN
Version: 1.3-0
Hash: fb672e20eb6f3010a3639f855d8ef6de

Package: RSQLite
Source: CRAN
Version: 1.0.0
Hash: 3df52a54766f420d257debad962146c0
Requires: DBI

Package: Rcpp
Source: CRAN
Version: 0.12.6
Hash: 79f89fabd832de0a2e60aa05d9027f32

Package: Rsamtools
Source: Bioconductor
Version: 1.24.0
Hash: 0525e5be7b34d845d7848ae7ac4a8e7d
Requires: BiocGenerics, BiocParallel, Biostrings, GenomeInfoDb,
    GenomicRanges, IRanges, S4Vectors, XVector, bitops, zlibbioc

Package: S4Vectors
Source: Bioconductor
Version: 0.10.3
Hash: 77fd926316f402ff977c8f82287d623a
Requires: BiocGenerics

Package: SummarizedExperiment
Source: Bioconductor
Version: 1.2.3
Hash: e0660148330ec14925d736b97cfba84e
Requires: Biobase, BiocGenerics, GenomeInfoDb, GenomicRanges, IRanges,
    S4Vectors

Package: Sushi
Source: Bioconductor
Version: 1.10.0
Hash: 9ae2e1fe7d7c1f68c6f98978e684d690
Requires: biomaRt, zoo

Package: XML
Source: CRAN
Version: 3.98-1.4
Hash: 9f8bc34c3c3d2967c7d25f8945216ffa

Package: XVector
Source: Bioconductor
Version: 0.12.1
Hash: 19f16e4253b28b80ba1d24f9c6cba4d3
Requires: BiocGenerics, IRanges, S4Vectors, zlibbioc

Package: annotate
Source: Bioconductor
Version: 1.50.0
Hash: daa9f43d3ed9dcb18969837aa08d3261
Requires: AnnotationDbi, Biobase, BiocGenerics, DBI, XML, xtable

Package: assertthat
Source: CRAN
Version: 0.1
Hash: 0afb92b59b02593c70ff8046700ba9d3

Package: aws.s3
Source: github
Version: 0.1.26
Hash: bdac261808a48689d03b7286de23e8ba
Requires: aws.signature, base64enc, curl, digest, httr, xml2
GithubRepo: aws.s3
GithubUsername: cloudyr
GithubRef: master
GithubSha1: aedc7c26b3d0578d792524ed6c39f6db09c6063a

Package: aws.signature
Source: CRAN
Version: 0.2.2
Hash: eff80b71a1c0396457a46201f5b2210e
Requires: base64enc, digest

Package: base64
Source: CRAN
Version: 2.0
Hash: 9738470a6872ea046c6aea5154b33362
Requires: openssl

Package: base64enc
Source: CRAN
Version: 0.1-3
Hash: c590d29e555926af053055e23ee79efb

Package: beanplot
Source: CRAN
Version: 1.2
Hash: 6397f4dafa178cffdb2196af0be88ade

Package: biomaRt
Source: Bioconductor
Version: 2.28.0
Hash: 3fed01458527786866fd65db386840a8
Requires: AnnotationDbi, RCurl, XML

Package: bitops
Source: CRAN
Version: 1.0-6
Hash: 67d0775189fd0041d95abca618c5c07e

Package: bumphunter
Source: Bioconductor
Version: 1.12.0
Hash: 1780cda5f338c54635ef586d2d8b797a
Requires: AnnotationDbi, BiocGenerics, GenomeInfoDb, GenomicFeatures,
    GenomicRanges, IRanges, S4Vectors, doRNG, foreach, iterators,
    limma, locfit, matrixStats

Package: caTools
Source: CRAN
Version: 1.17.1
Hash: 97cb6f6293cd18d17df77a6383cc6763
Requires: bitops

Package: chron
Source: CRAN
Version: 2.3-47
Hash: d25d96d908cd21080f24c89eed4c80a0

Package: codetools
Source: CRAN
Version: 0.2-14
Hash: 127e7e68dfa21d3f17c022df1e727d0a

Package: colorRamps
Source: CRAN
Version: 2.3
Hash: d96002cc5a5865a552486c392e39f5ed

Package: colorspace
Source: CRAN
Version: 1.2-6
Hash: 00bb12245cd975c450cc4a960884fa15

Package: curl
Source: CRAN
Version: 1.2
Hash: 11de7924273ee61a95c7a157a572bc8a

Package: data.table
Source: CRAN
Version: 1.9.6
Hash: f92ef1f73afa43bf6fd69a22f3794abd
Requires: chron

Package: devtools
Source: CRAN
Version: 1.11.1
Hash: 4c6aa014d917044bf376a363c3c8ee1a
Requires: digest, git2r, httr, jsonlite, memoise, rstudioapi, whisker,
    withr

Package: dichromat
Source: CRAN
Version: 2.0-0
Hash: 08eed0c80510af29bb15f840ccfe37ce

Package: diffloop
Source: github
Version: 1.1.1
Hash: 0a8fd82903f1410529ddbcd59f49b6bf
Requires: Biobase, GenomeInfoDb, GenomicRanges, IRanges, S4Vectors,
    Sushi, biomaRt, data.table, dplyr, edgeR, foreach, ggplot2, locfit,
    matrixStats, plyr, readr, reshape2, rtracklayer, statmod
GithubRepo: diffloop
GithubUsername: aryeelab
GithubRef: master
GithubSha1: dbc4cc24ab62081f16a97e3097f4c769670f9353

Package: digest
Source: CRAN
Version: 0.6.9
Hash: fd55d5a024f160fc001a5ece1e27782d

Package: doRNG
Source: CRAN
Version: 1.6
Hash: f20f751df5f2f6b2bfb8f2c1cae4a316
Requires: foreach, iterators, pkgmaker, rngtools

Package: dplyr
Source: CRAN
Version: 0.4.3
Hash: 8491e653d11359ff4bce253cb7507510
Requires: BH, DBI, R6, Rcpp, assertthat, lazyeval, magrittr

Package: edgeR
Source: Bioconductor
Version: 3.14.0
Hash: ec1c7848023cbd1b22a8ccfdce48649e
Requires: limma

Package: evaluate
Source: CRAN
Version: 0.9
Hash: cf338d73ba4ee3a4fefec612cdfd38db
Requires: stringr

Package: foreach
Source: CRAN
Version: 1.4.3
Hash: cd53ef4cf29dc59ce3f8c5c1af735fd1
Requires: codetools, iterators

Package: formatR
Source: CRAN
Version: 1.4
Hash: b2a47a2b91737978cf50ba95825a9cd1

Package: futile.logger
Source: CRAN
Version: 1.4.3
Hash: d1cc6584b39f2c4cfbe377fd94cbdbaa
Requires: futile.options, lambda.r

Package: futile.options
Source: CRAN
Version: 1.0.0
Hash: 4f24cbf581681c263186b9425f05ba3e

Package: genefilter
Source: Bioconductor
Version: 1.54.2
Hash: 05f4fd2ac819aa360d06b6157ef97162
Requires: AnnotationDbi, Biobase, S4Vectors, annotate, survival

Package: ggplot2
Source: CRAN
Version: 2.1.0
Hash: 50e297b0191179c39c7dcae0eff72b51
Requires: MASS, digest, gtable, plyr, reshape2, scales

Package: git2r
Source: CRAN
Version: 0.15.0
Hash: 92d5a9f3cba5e146b92a76dabbc29fbb

Package: gsubfn
Source: CRAN
Version: 0.6-6
Hash: cc1999b8ee76bbf10c968ac973290421
Requires: proto

Package: gtable
Source: CRAN
Version: 0.2.0
Hash: cd78381a9d3fea966ac39bd0daaf5554

Package: highr
Source: CRAN
Version: 0.6
Hash: aa3d5b7912b5fed4b546ed5cd2a1760b

Package: hms
Source: CRAN
Version: 0.2
Hash: c1b6ded8c65ae31a98d73a312b2e6574

Package: htmltools
Source: CRAN
Version: 0.3.5
Hash: f81546c00234653ca3a7dcd0b7e1a757
Requires: Rcpp, digest

Package: htmlwidgets
Source: CRAN
Version: 0.6
Hash: 267a36d738dd98cec3dc9c471becb717
Requires: htmltools, jsonlite, yaml

Package: httpuv
Source: CRAN
Version: 1.3.3
Hash: fbb5e8447f797c5148046b1ce999d000
Requires: Rcpp

Package: httr
Source: CRAN
Version: 1.2.0
Hash: cd5c30acde81117f6b9da436dffeaedf
Requires: R6, curl, jsonlite, mime, openssl

Package: illuminaio
Source: Bioconductor
Version: 0.14.0
Hash: 2432b58a64ef9f47015249402a27bba3
Requires: base64

Package: iterators
Source: CRAN
Version: 1.0.8
Hash: 488b93c2a4166db0d15f1e8d882cb1d4

Package: jsonlite
Source: CRAN
Version: 0.9.22
Hash: a465329f66afd33012e1aedfe5ba2e20

Package: knitr
Source: CRAN
Version: 1.13
Hash: 8d686cbee88c93b735281a22b2ca59dd
Requires: digest, evaluate, formatR, highr, markdown, stringr, yaml

Package: labeling
Source: CRAN
Version: 0.3
Hash: ecf589b42cd284b03a4beb9665482d3e

Package: lambda.r
Source: CRAN
Version: 1.1.9
Hash: d303aea60871b91892fa3815aac6a725

Package: lattice
Source: CRAN
Version: 0.20-33
Hash: d7158cf4e63e8c12cb227738076b37d8

Package: lazyeval
Source: CRAN
Version: 0.2.0
Hash: 3d6e7608e65bbf5cb170dab1e3c9ed8b

Package: limma
Source: Bioconductor
Version: 3.28.8
Hash: 6f77b5f4b6dbb5bae01d0908f4d88cec

Package: locfit
Source: CRAN
Version: 1.5-9.1
Hash: f8adf87b055dff233b7c3f5b4a174554
Requires: lattice

Package: magrittr
Source: CRAN
Version: 1.5
Hash: bdc4d48c3135e8f3b399536ddf160df4

Package: markdown
Source: CRAN
Version: 0.7.7
Hash: fea2343a1119d61b0cc5c0a950d103a3
Requires: mime

Package: matrixStats
Source: CRAN
Version: 0.50.2
Hash: dd438a0e4112586fc640b3ed214c8d9c

Package: mclust
Source: CRAN
Version: 5.2
Hash: 77406ad6a64bb972a5e05b658161261d

Package: memoise
Source: CRAN
Version: 1.0.0
Hash: 56e7087c3559eb7ba72a9afb349bf896
Requires: digest

Package: mime
Source: CRAN
Version: 0.4
Hash: b08c52dae92a0a11e64a4deea032ec33

Package: minfi
Source: Bioconductor
Version: 1.18.2
Hash: c2e743e1ae49f8ef002692be1bf98ab0
Requires: Biobase, BiocGenerics, Biostrings, GEOquery, GenomeInfoDb,
    GenomicRanges, IRanges, MASS, RColorBrewer, S4Vectors,
    SummarizedExperiment, beanplot, bumphunter, data.table, genefilter,
    illuminaio, lattice, limma, matrixStats, mclust, nlme, nor1mix,
    preprocessCore, quadprog, reshape, siggenes

Package: miniUI
Source: CRAN
Version: 0.1.1
Hash: e85626581f80b1fe6c92a96ec348efc5
Requires: htmltools, shiny

Package: multtest
Source: Bioconductor
Version: 2.28.0
Hash: 4207b3cab4817c1ad47954b669d797bc
Requires: Biobase, BiocGenerics, MASS, survival

Package: munsell
Source: CRAN
Version: 0.4.3
Hash: f96d896947fcaf9b6d0074002e9f4f9d
Requires: colorspace

Package: nlme
Source: CRAN
Version: 3.1-128
Hash: 72d50aad85f45456d60ded8ee47a8454
Requires: lattice

Package: nor1mix
Source: CRAN
Version: 1.2-1
Hash: 645a3a3f3e3df65ab5e0354235df2be3

Package: openssl
Source: CRAN
Version: 0.9.4
Hash: 5ceb5d83bba44e8e5a764ac6ad32e9fb

Package: packrat
Source: CRAN
Version: 0.4.7-1
Hash: 16ca16d36eb18d1d16113606ecc5c400

Package: pkgmaker
Source: CRAN
Version: 0.22
Hash: 2e5fc2a6b7eaeb1e1d397a8dc5f54480
Requires: codetools, digest, registry, stringr, xtable

Package: plyr
Source: CRAN
Version: 1.8.4
Hash: e76f4b6b2ba5cb8309b10308cea03967
Requires: Rcpp

Package: preprocessCore
Source: Bioconductor
Version: 1.34.0
Hash: 0b32d64e412e5521ee7dc18d1331c4b6

Package: proto
Source: CRAN
Version: 0.3-10
Hash: 05d7ad64db29a39d1b02c4b9f1f4edb2

Package: quadprog
Source: CRAN
Version: 1.5-5
Hash: 69000b7dc41b09977dcf781f909d235c

Package: readr
Source: CRAN
Version: 1.0.0
Hash: f0c16bdda604c63deb335ca54b618130
Requires: BH, R6, Rcpp, curl, hms, tibble

Package: registry
Source: CRAN
Version: 0.3
Hash: f9447c26b51b8c96f53720c5ff862c93

Package: reshape
Source: CRAN
Version: 0.8.5
Hash: 08a3fc774cceaaec54edea9e9687a6c5
Requires: plyr

Package: reshape2
Source: CRAN
Version: 1.4.1
Hash: 55a31e20f8a216855e138ca83756a4b0
Requires: Rcpp, plyr, stringr

Package: rmarkdown
Source: CRAN
Version: 0.9.6
Hash: c60250bb3dd9107d6d3ecf626e86d8a6
Requires: caTools, htmltools, knitr, yaml

Package: rngtools
Source: CRAN
Version: 1.2.4
Hash: 4db0661fe95ab6eb3d6339495bf22003
Requires: digest, pkgmaker, stringr

Package: rsconnect
Source: CRAN
Version: 0.4.3
Hash: 72014f20a28de36f205f269ccc4b1a32
Requires: PKI, RCurl, RJSONIO, digest, packrat, rstudioapi, yaml

Package: rstudioapi
Source: CRAN
Version: 0.5
Hash: f942db72a8f51e968b061f28058e2c57

Package: rtracklayer
Source: Bioconductor
Version: 1.32.1
Hash: a76d8a34a21435575e89620bdcb110cd
Requires: BiocGenerics, Biostrings, GenomeInfoDb, GenomicAlignments,
    GenomicRanges, IRanges, RCurl, Rsamtools, S4Vectors, XML, XVector,
    zlibbioc

Package: scales
Source: CRAN
Version: 0.4.0
Hash: 99ca163a301d7c1d959424a2cccdcacd
Requires: RColorBrewer, Rcpp, dichromat, labeling, munsell, plyr

Package: shiny
Source: CRAN
Version: 0.13.2
Hash: 28d6903a44dc53bd4823fa43ccdc08e5
Requires: R6, digest, htmltools, httpuv, jsonlite, mime, xtable

Package: shinyBS
Source: CRAN
Version: 0.61
Hash: 4644935bd93e62a0b82686b26af7efc2
Requires: htmltools, shiny

Package: shinyFiles
Source: CRAN
Version: 0.6.0
Hash: 9352370e114d101acfc38dcde9b5920e
Requires: RJSONIO, htmltools, shiny

Package: shinythemes
Source: CRAN
Version: 1.0.1
Hash: 9a394ba0f9825789949d2253fbe853fa
Requires: shiny

Package: siggenes
Source: Bioconductor
Version: 1.46.0
Hash: 2b4012f79a32b0782840c857452281b3
Requires: Biobase, multtest

Package: snow
Source: CRAN
Version: 0.4-1
Hash: eece5c9075772f1029a417cb417390b5

Package: sparseHiC
Source: github
Version: 0.2.0
Hash: 6b4bec2d8d4c6c7a55ab84b0663c233d
Requires: BiocParallel, GenomicRanges, Matrix, readr, reshape2
GithubRepo: sparseHiC
GithubUsername: aryeelab
GithubRef: master
GithubSha1: 4202eeb299e5a802dc0201587b0cde76359e87b5

Package: statmod
Source: CRAN
Version: 1.4.24
Hash: 1aad9bf175b7d9a5c073f633dc635c31

Package: stringi
Source: CRAN
Version: 1.1.1
Hash: 48f2afc5dfecb65ba32a87d38b3533ff

Package: stringr
Source: CRAN
Version: 1.1.0
Hash: 4d21d0063b37a17ea18eaec6acd29bf3
Requires: magrittr, stringi

Package: survival
Source: CRAN
Version: 2.39-4
Hash: 16b71d32b9a873a3ee93dd59d07ce4bc
Requires: Matrix

Package: tibble
Source: CRAN
Version: 1.1
Hash: 5467b4aa158b2d984538f7ffde17171c
Requires: Rcpp, assertthat, lazyeval

Package: whisker
Source: CRAN
Version: 0.3-2
Hash: 803d662762e532705c2c066a82d066e7

Package: withr
Source: CRAN
Version: 1.0.1
Hash: e3d37838719e5d66652364e2aefebcee

Package: xml2
Source: CRAN
Version: 1.0.0
Hash: 8da0955090dad9790c706369db027845
Requires: BH, Rcpp

Package: xtable
Source: CRAN
Version: 1.8-2
Hash: 7293235cfcc14cdff1ce7fd1a0212031

Package: yaml
Source: CRAN
Version: 2.1.13
Hash: 4854ccabebc225e8a7309fb4a74980de

Package: zlibbioc
Source: Bioconductor
Version: 1.18.0
Hash: c8f785fe74be1408724b5031ff23dc2d

Package: zoo
Source: CRAN
Version: 1.7-13
Hash: 5e9d37229de4b68b9a5e09a619e0f9b6
Requires: lattice
